# THIS IS AN AUTOGENERATED FILE. DO NOT EDIT THIS FILE DIRECTLY.
# yarn lockfile v1


"@snowplow/browser-tracker-core@^3.7.0":
  version "3.7.0"
  resolved "https://registry.yarnpkg.com/@snowplow/browser-tracker-core/-/browser-tracker-core-3.7.0.tgz#5d0036814db6f53bbf04bb8fdf2ce2065299b2db"
  integrity sha512-mP1Uc9CjriW/BIMHxdzvNmalLKxuFnNhqwkeOgIHGmC11pJP7dKDumsTj4x8nBohr+5Ie14hLXNZhb51JoskVQ==
  dependencies:
    "@snowplow/tracker-core" "3.7.0"
    sha1 "^1.1.1"
    tslib "^2.3.1"
    uuid "^3.4.0"

"@snowplow/tracker-core@3.7.0", "@snowplow/tracker-core@^3.7.0":
  version "3.7.0"
  resolved "https://registry.yarnpkg.com/@snowplow/tracker-core/-/tracker-core-3.7.0.tgz#2178fc008f65d6a1245f38eb5bf506e6b8eb2124"
  integrity sha512-Amt4w0E7XvM8LbCRRHfcudc5hFBNOCF8UmWQvEYFqedPcD08jxqulMMsTghTpjmmpL7rlNRlG17flKis9Qxqbg==
  dependencies:
    tslib "^2.3.1"
    uuid "^3.4.0"

"charenc@>= 0.0.1":
  version "0.0.2"
  resolved "https://registry.yarnpkg.com/charenc/-/charenc-0.0.2.tgz#c0a1d2f3a7092e03774bfa83f14c0fc5790a8667"
  integrity sha512-yrLQ/yVUFXkzg7EDQsPieE/53+0RlaWTs+wBrvW36cyilJ2SaDWfl4Yj7MtLTXleV9uEKefbAGUPv2/iWSooRA==

"crypt@>= 0.0.1":
  version "0.0.2"
  resolved "https://registry.yarnpkg.com/crypt/-/crypt-0.0.2.tgz#88d7ff7ec0dfb86f713dc87bbb42d044d3e6c41b"
  integrity sha512-mCxBlsHFYh9C+HVpiEacem8FEBnMXgU9gy4zmNC+SXAZNB/1idgp/aulFJ4FgCi7GPEVbfyng092GqL2k2rmow==

sha1@^1.1.1:
  version "1.1.1"
  resolved "https://registry.yarnpkg.com/sha1/-/sha1-1.1.1.tgz#addaa7a93168f393f19eb2b15091618e2700f848"
  integrity sha512-dZBS6OrMjtgVkopB1Gmo4RQCDKiZsqcpAQpkV/aaj+FCrCg8r4I4qMkDPQjBgLIxlmu9k4nUbWq6ohXahOneYA==
  dependencies:
    charenc ">= 0.0.1"
    crypt ">= 0.0.1"

tslib@^2.3.1:
  version "2.4.1"
  resolved "https://registry.yarnpkg.com/tslib/-/tslib-2.4.1.tgz#0d0bfbaac2880b91e22df0768e55be9753a5b17e"
  integrity sha512-tGyy4dAjRIEwI7BzsB0lynWgOpfqjUdq91XXAlIWD2OwKBH7oCl/GZG/HT4BOHrTlPMOASlMQ7veyTqpmRcrNA==

typescript@~4.6.2:
  version "4.6.4"
  resolved "https://registry.yarnpkg.com/typescript/-/typescript-4.6.4.tgz#caa78bbc3a59e6a5c510d35703f6a09877ce45e9"
  integrity sha512-9ia/jWHIEbo49HfjrLGfKbZSuWo9iTMwXO+Ca3pRsSpbsMbc7/IU8NKdCZVRRBafVPGnoJeFL76ZOAA84I9fEg==

uuid@^3.4.0:
  version "3.4.0"
  resolved "https://registry.yarnpkg.com/uuid/-/uuid-3.4.0.tgz#b23e4358afa8a202fe7a100af1f5f883f02007ee"
  integrity sha512-HjSDRw6gZE5JMggctHBcjVak08+KEVhSIiDzFnT9S9aegmp85S/bReBVTb4QTFaRNptJ9kuYaNhnbNEOkbKb/A==
